
Microsoft Visual Studio Solution File, Format Version 12.00
# Visual Studio Version 17
VisualStudioVersion = 17.4.33122.133
MinimumVisualStudioVersion = 10.0.40219.1
Project("{FAE04EC0-301F-11D3-BF4B-00C04F79EFBC}") = "CosmosKernel3", "CosmosKernel3\CosmosKernel3.csproj", "{E2664B62-C977-471E-8655-7A233FB8EB2C}"
EndProject
Global
	GlobalSection(SolutionConfigurationPlatforms) = preSolution
		Debug|Any CPU = Debug|Any CPU
		Release|Any CPU = Release|Any CPU
	EndGlobalSection
	GlobalSection(ProjectConfigurationPlatforms) = postSolution
		{E2664B62-C977-471E-8655-7A233FB8EB2C}.Debug|Any CPU.ActiveCfg = Debug|Any CPU
		{E2664B62-C977-471E-8655-7A233FB8EB2C}.Debug|Any CPU.Build.0 = Debug|Any CPU
		{E2664B62-C977-471E-8655-7A233FB8EB2C}.Release|Any CPU.ActiveCfg = Release|Any CPU
		{E2664B62-C977-471E-8655-7A233FB8EB2C}.Release|Any CPU.Build.0 = Release|Any CPU
	EndGlobalSection
	GlobalSection(SolutionProperties) = preSolution
		HideSolutionNode = FALSE
	EndGlobalSection
	GlobalSection(ExtensibilityGlobals) = postSolution
		SolutionGuid = {595189D5-173B-4E2C-8B84-D23E9DD70D2B}
	EndGlobalSection
EndGlobal
